
Microsoft Visual Studio Solution File, Format Version 12.00
# Visual Studio Version 16
VisualStudioVersion = 16.0.34729.46
MinimumVisualStudioVersion = 10.0.40219.1
Project("{FAE04EC0-301F-11D3-BF4B-00C04F79EFBC}") = "Quoc0605", "Quoc0605\Quoc0605.csproj", "{9F9CBE48-304B-4E37-9B21-EBACEDD65B3B}"
EndProject
Global
	GlobalSection(SolutionConfigurationPlatforms) = preSolution
		Debug|Any CPU = Debug|Any CPU
		Release|Any CPU = Release|Any CPU
	EndGlobalSection
	GlobalSection(ProjectConfigurationPlatforms) = postSolution
		{9F9CBE48-304B-4E37-9B21-EBACEDD65B3B}.Debug|Any CPU.ActiveCfg = Debug|Any CPU
		{9F9CBE48-304B-4E37-9B21-EBACEDD65B3B}.Debug|Any CPU.Build.0 = Debug|Any CPU
		{9F9CBE48-304B-4E37-9B21-EBACEDD65B3B}.Release|Any CPU.ActiveCfg = Release|Any CPU
		{9F9CBE48-304B-4E37-9B21-EBACEDD65B3B}.Release|Any CPU.Build.0 = Release|Any CPU
	EndGlobalSection
	GlobalSection(SolutionProperties) = preSolution
		HideSolutionNode = FALSE
	EndGlobalSection
	GlobalSection(ExtensibilityGlobals) = postSolution
		SolutionGuid = {872E98C9-B7D5-4CDD-8308-999E15141EA9}
	EndGlobalSection
EndGlobal
