
Microsoft Visual Studio Solution File, Format Version 12.00
# Visual Studio Version 17
VisualStudioVersion = 17.9.34728.123
MinimumVisualStudioVersion = 10.0.40219.1
Project("{FAE04EC0-301F-11D3-BF4B-00C04F79EFBC}") = "Quoc1305", "Quoc1305\Quoc1305.csproj", "{B1860A19-C9D0-4AA1-95C4-5342696DB986}"
EndProject
Global
	GlobalSection(SolutionConfigurationPlatforms) = preSolution
		Debug|Any CPU = Debug|Any CPU
		Release|Any CPU = Release|Any CPU
	EndGlobalSection
	GlobalSection(ProjectConfigurationPlatforms) = postSolution
		{B1860A19-C9D0-4AA1-95C4-5342696DB986}.Debug|Any CPU.ActiveCfg = Debug|Any CPU
		{B1860A19-C9D0-4AA1-95C4-5342696DB986}.Debug|Any CPU.Build.0 = Debug|Any CPU
		{B1860A19-C9D0-4AA1-95C4-5342696DB986}.Release|Any CPU.ActiveCfg = Release|Any CPU
		{B1860A19-C9D0-4AA1-95C4-5342696DB986}.Release|Any CPU.Build.0 = Release|Any CPU
	EndGlobalSection
	GlobalSection(SolutionProperties) = preSolution
		HideSolutionNode = FALSE
	EndGlobalSection
	GlobalSection(ExtensibilityGlobals) = postSolution
		SolutionGuid = {9036532C-4E3E-4AAE-8B3E-8E7352DF3322}
	EndGlobalSection
EndGlobal
